
Microsoft Visual Studio Solution File, Format Version 12.00
# Visual Studio Version 17
VisualStudioVersion = 17.5.33530.505
MinimumVisualStudioVersion = 10.0.40219.1
Project("{FAE04EC0-301F-11D3-BF4B-00C04F79EFBC}") = "ModuloFront", "ModuloFront\ModuloFront.csproj", "{7E7E31EC-7491-4E45-9F0F-33E9E40CB4DC}"
EndProject
Project("{FAE04EC0-301F-11D3-BF4B-00C04F79EFBC}") = "ModuloFront.Business", "ModuloFront.Business\ModuloFront.Business.csproj", "{5B247771-CF6F-448A-8E69-AAAEFEBAD5D5}"
EndProject
Global
	GlobalSection(SolutionConfigurationPlatforms) = preSolution
		Debug|Any CPU = Debug|Any CPU
		Release|Any CPU = Release|Any CPU
	EndGlobalSection
	GlobalSection(ProjectConfigurationPlatforms) = postSolution
		{7E7E31EC-7491-4E45-9F0F-33E9E40CB4DC}.Debug|Any CPU.ActiveCfg = Debug|Any CPU
		{7E7E31EC-7491-4E45-9F0F-33E9E40CB4DC}.Debug|Any CPU.Build.0 = Debug|Any CPU
		{7E7E31EC-7491-4E45-9F0F-33E9E40CB4DC}.Release|Any CPU.ActiveCfg = Release|Any CPU
		{7E7E31EC-7491-4E45-9F0F-33E9E40CB4DC}.Release|Any CPU.Build.0 = Release|Any CPU
		{5B247771-CF6F-448A-8E69-AAAEFEBAD5D5}.Debug|Any CPU.ActiveCfg = Debug|Any CPU
		{5B247771-CF6F-448A-8E69-AAAEFEBAD5D5}.Debug|Any CPU.Build.0 = Debug|Any CPU
		{5B247771-CF6F-448A-8E69-AAAEFEBAD5D5}.Release|Any CPU.ActiveCfg = Release|Any CPU
		{5B247771-CF6F-448A-8E69-AAAEFEBAD5D5}.Release|Any CPU.Build.0 = Release|Any CPU
	EndGlobalSection
	GlobalSection(SolutionProperties) = preSolution
		HideSolutionNode = FALSE
	EndGlobalSection
	GlobalSection(ExtensibilityGlobals) = postSolution
		SolutionGuid = {E2A52E44-A4A4-4351-B1A3-447CC2A57673}
	EndGlobalSection
EndGlobal
